
Microsoft Visual Studio Solution File, Format Version 12.00
# Visual Studio Version 17
VisualStudioVersion = 17.8.34525.116
MinimumVisualStudioVersion = 10.0.40219.1
Project("{FAE04EC0-301F-11D3-BF4B-00C04F79EFBC}") = "CincoVendedores", "CincoVendedores\CincoVendedores.csproj", "{42956D1F-BA34-4D13-94F1-5DCD5C3DF9FA}"
EndProject
Global
	GlobalSection(SolutionConfigurationPlatforms) = preSolution
		Debug|Any CPU = Debug|Any CPU
		Release|Any CPU = Release|Any CPU
	EndGlobalSection
	GlobalSection(ProjectConfigurationPlatforms) = postSolution
		{42956D1F-BA34-4D13-94F1-5DCD5C3DF9FA}.Debug|Any CPU.ActiveCfg = Debug|Any CPU
		{42956D1F-BA34-4D13-94F1-5DCD5C3DF9FA}.Debug|Any CPU.Build.0 = Debug|Any CPU
		{42956D1F-BA34-4D13-94F1-5DCD5C3DF9FA}.Release|Any CPU.ActiveCfg = Release|Any CPU
		{42956D1F-BA34-4D13-94F1-5DCD5C3DF9FA}.Release|Any CPU.Build.0 = Release|Any CPU
	EndGlobalSection
	GlobalSection(SolutionProperties) = preSolution
		HideSolutionNode = FALSE
	EndGlobalSection
	GlobalSection(ExtensibilityGlobals) = postSolution
		SolutionGuid = {3BBB24FB-A111-4EAE-BBF8-D9F00BAD1A5D}
	EndGlobalSection
EndGlobal
